
Microsoft Visual Studio Solution File, Format Version 12.00
# Visual Studio Version 17
VisualStudioVersion = 17.11.35208.52
MinimumVisualStudioVersion = 10.0.40219.1
Project("{FAE04EC0-301F-11D3-BF4B-00C04F79EFBC}") = "OrderTracking", "OrderTracking\OrderTracking.csproj", "{2555CF4D-18A3-49C2-8ED3-8D7A544CD87F}"
EndProject
Global
	GlobalSection(SolutionConfigurationPlatforms) = preSolution
		Debug|Any CPU = Debug|Any CPU
		Release|Any CPU = Release|Any CPU
	EndGlobalSection
	GlobalSection(ProjectConfigurationPlatforms) = postSolution
		{2555CF4D-18A3-49C2-8ED3-8D7A544CD87F}.Debug|Any CPU.ActiveCfg = Debug|Any CPU
		{2555CF4D-18A3-49C2-8ED3-8D7A544CD87F}.Debug|Any CPU.Build.0 = Debug|Any CPU
		{2555CF4D-18A3-49C2-8ED3-8D7A544CD87F}.Release|Any CPU.ActiveCfg = Release|Any CPU
		{2555CF4D-18A3-49C2-8ED3-8D7A544CD87F}.Release|Any CPU.Build.0 = Release|Any CPU
	EndGlobalSection
	GlobalSection(SolutionProperties) = preSolution
		HideSolutionNode = FALSE
	EndGlobalSection
	GlobalSection(ExtensibilityGlobals) = postSolution
		SolutionGuid = {6728961A-6E7D-4DC4-B77E-5D464CDA5076}
	EndGlobalSection
EndGlobal
